
Microsoft Visual Studio Solution File, Format Version 12.00
# Visual Studio Version 17
VisualStudioVersion = 17.14.36930.0 d17.14
MinimumVisualStudioVersion = 10.0.40219.1
Project("{FAE04EC0-301F-11D3-BF4B-00C04F79EFBC}") = "InstaPay.Core", "InstaPay.Core\InstaPay.Core.csproj", "{0026F750-7E82-47F9-8A41-7545F35A2C1F}"
EndProject
Global
	GlobalSection(SolutionConfigurationPlatforms) = preSolution
		Debug|Any CPU = Debug|Any CPU
		Release|Any CPU = Release|Any CPU
	EndGlobalSection
	GlobalSection(ProjectConfigurationPlatforms) = postSolution
		{0026F750-7E82-47F9-8A41-7545F35A2C1F}.Debug|Any CPU.ActiveCfg = Debug|Any CPU
		{0026F750-7E82-47F9-8A41-7545F35A2C1F}.Debug|Any CPU.Build.0 = Debug|Any CPU
		{0026F750-7E82-47F9-8A41-7545F35A2C1F}.Release|Any CPU.ActiveCfg = Release|Any CPU
		{0026F750-7E82-47F9-8A41-7545F35A2C1F}.Release|Any CPU.Build.0 = Release|Any CPU
	EndGlobalSection
	GlobalSection(SolutionProperties) = preSolution
		HideSolutionNode = FALSE
	EndGlobalSection
	GlobalSection(ExtensibilityGlobals) = postSolution
		SolutionGuid = {D2BBAC66-0D71-4082-BC95-D50DE45578FD}
	EndGlobalSection
EndGlobal
